// !$*UTF8*$!
{
	archiveVersion = 1;
	classes = {
	};
	objectVersion = 46;
	objects = {

/* Begin PBXBuildFile section */
		858BCD471D34E8A3003419A6 /* RecordSoundsViewController.swift in Sources */ = {isa = PBXBuildFile; fileRef = 858BCD461D34E8A3003419A6 /* RecordSoundsViewController.swift */; };
		858BCD491D3503A5003419A6 /* PlaySoundsViewController+Audio.swift in Sources */ = {isa = PBXBuildFile; fileRef = 858BCD481D3503A5003419A6 /* PlaySoundsViewController+Audio.swift */; };
		85B879731D34AAB20035F897 /* AppDelegate.swift in Sources */ = {isa = PBXBuildFile; fileRef = 85B879721D34AAB20035F897 /* AppDelegate.swift */; };
		85B879751D34AAB20035F897 /* PlaySoundsViewController.swift in Sources */ = {isa = PBXBuildFile; fileRef = 85B879741D34AAB20035F897 /* PlaySoundsViewController.swift */; };
		85B879781D34AAB20035F897 /* Main.storyboard in Resources */ = {isa = PBXBuildFile; fileRef = 85B879761D34AAB20035F897 /* Main.storyboard */; };
		85B8797A1D34AAB20035F897 /* Assets.xcassets in Resources */ = {isa = PBXBuildFile; fileRef = 85B879791D34AAB20035F897 /* Assets.xcassets */; };
		85B8797D1D34AAB20035F897 /* LaunchScreen.storyboard in Resources */ = {isa = PBXBuildFile; fileRef = 85B8797B1D34AAB20035F897 /* LaunchScreen.storyboard */; };
		85B879881D34AAB30035F897 /* PitchPerfectTests.swift in Sources */ = {isa = PBXBuildFile; fileRef = 85B879871D34AAB30035F897 /* PitchPerfectTests.swift */; };
		85B879931D34AAB30035F897 /* PitchPerfectUITests.swift in Sources */ = {isa = PBXBuildFile; fileRef = 85B879921D34AAB30035F897 /* PitchPerfectUITests.swift */; };
		85CD7C141D39195B00F01F8D /* Utils.swift in Sources */ = {isa = PBXBuildFile; fileRef = 85CD7C131D39195B00F01F8D /* Utils.swift */; };
/* End PBXBuildFile section */

/* Begin PBXContainerItemProxy section */
		85B879841D34AAB30035F897 /* PBXContainerItemProxy */ = {
			isa = PBXContainerItemProxy;
			containerPortal = 85B879671D34AAB20035F897 /* Project object */;
			proxyType = 1;
			remoteGlobalIDString = 85B8796E1D34AAB20035F897;
			remoteInfo = PitchPerfect;
		};
		85B8798F1D34AAB30035F897 /* PBXContainerItemProxy */ = {
			isa = PBXContainerItemProxy;
			containerPortal = 85B879671D34AAB20035F897 /* Project object */;
			proxyType = 1;
			remoteGlobalIDString = 85B8796E1D34AAB20035F897;
			remoteInfo = PitchPerfect;
		};
/* End PBXContainerItemProxy section */

/* Begin PBXFileReference section */
		858BCD461D34E8A3003419A6 /* RecordSoundsViewController.swift */ = {isa = PBXFileReference; fileEncoding = 4; lastKnownFileType = sourcecode.swift; path = RecordSoundsViewController.swift; sourceTree = "<group>"; };
		858BCD481D3503A5003419A6 /* PlaySoundsViewController+Audio.swift */ = {isa = PBXFileReference; fileEncoding = 4; lastKnownFileType = sourcecode.swift; path = "PlaySoundsViewController+Audio.swift"; sourceTree = "<group>"; };
		85B8796F1D34AAB20035F897 /* PitchPerfect.app */ = {isa = PBXFileReference; explicitFileType = wrapper.application; includeInIndex = 0; path = PitchPerfect.app; sourceTree = BUILT_PRODUCTS_DIR; };
		85B879721D34AAB20035F897 /* AppDelegate.swift */ = {isa = PBXFileReference; lastKnownFileType = sourcecode.swift; path = AppDelegate.swift; sourceTree = "<group>"; };
		85B879741D34AAB20035F897 /* PlaySoundsViewController.swift */ = {isa = PBXFileReference; lastKnownFileType = sourcecode.swift; path = PlaySoundsViewController.swift; sourceTree = "<group>"; };
		85B879771D34AAB20035F897 /* Base */ = {isa = PBXFileReference; lastKnownFileType = file.storyboard; name = Base; path = Base.lproj/Main.storyboard; sourceTree = "<group>"; };
		85B879791D34AAB20035F897 /* Assets.xcassets */ = {isa = PBXFileReference; lastKnownFileType = folder.assetcatalog; path = Assets.xcassets; sourceTree = "<group>"; };
		85B8797C1D34AAB20035F897 /* Base */ = {isa = PBXFileReference; lastKnownFileType = file.storyboard; name = Base; path = Base.lproj/LaunchScreen.storyboard; sourceTree = "<group>"; };
		85B8797E1D34AAB20035F897 /* Info.plist */ = {isa = PBXFileReference; lastKnownFileType = text.plist.xml; path = Info.plist; sourceTree = "<group>"; };
		85B879831D34AAB30035F897 /* PitchPerfectTests.xctest */ = {isa = PBXFileReference; explicitFileType = wrapper.cfbundle; includeInIndex = 0; path = PitchPerfectTests.xctest; sourceTree = BUILT_PRODUCTS_DIR; };
		85B879871D34AAB30035F897 /* PitchPerfectTests.swift */ = {isa = PBXFileReference; lastKnownFileType = sourcecode.swift; path = PitchPerfectTests.swift; sourceTree = "<group>"; };
		85B879891D34AAB30035F897 /* Info.plist */ = {isa = PBXFileReference; lastKnownFileType = text.plist.xml; path = Info.plist; sourceTree = "<group>"; };
		85B8798E1D34AAB30035F897 /* PitchPerfectUITests.xctest */ = {isa = PBXFileReference; explicitFileType = wrapper.cfbundle; includeInIndex = 0; path = PitchPerfectUITests.xctest; sourceTree = BUILT_PRODUCTS_DIR; };
		85B879921D34AAB30035F897 /* PitchPerfectUITests.swift */ = {isa = PBXFileReference; lastKnownFileType = sourcecode.swift; path = PitchPerfectUITests.swift; sourceTree = "<group>"; };
		85B879941D34AAB30035F897 /* Info.plist */ = {isa = PBXFileReference; lastKnownFileType = text.plist.xml; path = Info.plist; sourceTree = "<group>"; };
		85CD7C131D39195B00F01F8D /* Utils.swift */ = {isa = PBXFileReference; fileEncoding = 4; lastKnownFileType = sourcecode.swift; path = Utils.swift; sourceTree = "<group>"; };
/* End PBXFileReference section */

/* Begin PBXFrameworksBuildPhase section */
		85B8796C1D34AAB20035F897 /* Frameworks */ = {
			isa = PBXFrameworksBuildPhase;
			buildActionMask = 2147483647;
			files = (
			);
			runOnlyForDeploymentPostprocessing = 0;
		};
		85B879801D34AAB30035F897 /* Frameworks */ = {
			isa = PBXFrameworksBuildPhase;
			buildActionMask = 2147483647;
			files = (
			);
			runOnlyForDeploymentPostprocessing = 0;
		};
		85B8798B1D34AAB30035F897 /* Frameworks */ = {
			isa = PBXFrameworksBuildPhase;
			buildActionMask = 2147483647;
			files = (
			);
			runOnlyForDeploymentPostprocessing = 0;
		};
/* End PBXFrameworksBuildPhase section */

/* Begin PBXGroup section */
		85B879661D34AAB20035F897 = {
			isa = PBXGroup;
			children = (
				85B879711D34AAB20035F897 /* PitchPerfect */,
				85B879861D34AAB30035F897 /* PitchPerfectTests */,
				85B879911D34AAB30035F897 /* PitchPerfectUITests */,
				85B879701D34AAB20035F897 /* Products */,
			);
			sourceTree = "<group>";
		};
		85B879701D34AAB20035F897 /* Products */ = {
			isa = PBXGroup;
			children = (
				85B8796F1D34AAB20035F897 /* PitchPerfect.app */,
				85B879831D34AAB30035F897 /* PitchPerfectTests.xctest */,
				85B8798E1D34AAB30035F897 /* PitchPerfectUITests.xctest */,
			);
			name = Products;
			sourceTree = "<group>";
		};
		85B879711D34AAB20035F897 /* PitchPerfect */ = {
			isa = PBXGroup;
			children = (
				85B879721D34AAB20035F897 /* AppDelegate.swift */,
				85B879741D34AAB20035F897 /* PlaySoundsViewController.swift */,
				858BCD461D34E8A3003419A6 /* RecordSoundsViewController.swift */,
				858BCD481D3503A5003419A6 /* PlaySoundsViewController+Audio.swift */,
				85B879761D34AAB20035F897 /* Main.storyboard */,
				85B879791D34AAB20035F897 /* Assets.xcassets */,
				85B8797B1D34AAB20035F897 /* LaunchScreen.storyboard */,
				85B8797E1D34AAB20035F897 /* Info.plist */,
				85CD7C131D39195B00F01F8D /* Utils.swift */,
			);
			path = PitchPerfect;
			sourceTree = "<group>";
		};
		85B879861D34AAB30035F897 /* PitchPerfectTests */ = {
			isa = PBXGroup;
			children = (
				85B879871D34AAB30035F897 /* PitchPerfectTests.swift */,
				85B879891D34AAB30035F897 /* Info.plist */,
			);
			path = PitchPerfectTests;
			sourceTree = "<group>";
		};
		85B879911D34AAB30035F897 /* PitchPerfectUITests */ = {
			isa = PBXGroup;
			children = (
				85B879921D34AAB30035F897 /* PitchPerfectUITests.swift */,
				85B879941D34AAB30035F897 /* Info.plist */,
			);
			path = PitchPerfectUITests;
			sourceTree = "<group>";
		};
/* End PBXGroup section */

/* Begin PBXNativeTarget section */
		85B8796E1D34AAB20035F897 /* PitchPerfect */ = {
			isa = PBXNativeTarget;
			buildConfigurationList = 85B879971D34AAB30035F897 /* Build configuration list for PBXNativeTarget "PitchPerfect" */;
			buildPhases = (
				85B8796B1D34AAB20035F897 /* Sources */,
				85B8796C1D34AAB20035F897 /* Frameworks */,
				85B8796D1D34AAB20035F897 /* Resources */,
			);
			buildRules = (
			);
			dependencies = (
			);
			name = PitchPerfect;
			productName = PitchPerfect;
			productReference = 85B8796F1D34AAB20035F897 /* PitchPerfect.app */;
			productType = "com.apple.product-type.application";
		};
		85B879821D34AAB30035F897 /* PitchPerfectTests */ = {
			isa = PBXNativeTarget;
			buildConfigurationList = 85B8799A1D34AAB30035F897 /* Build configuration list for PBXNativeTarget "PitchPerfectTests" */;
			buildPhases = (
				85B8797F1D34AAB30035F897 /* Sources */,
				85B879801D34AAB30035F897 /* Frameworks */,
				85B879811D34AAB30035F897 /* Resources */,
			);
			buildRules = (
			);
			dependencies = (
				85B879851D34AAB30035F897 /* PBXTargetDependency */,
			);
			name = PitchPerfectTests;
			productName = PitchPerfectTests;
			productReference = 85B879831D34AAB30035F897 /* PitchPerfectTests.xctest */;
			productType = "com.apple.product-type.bundle.unit-test";
		};
		85B8798D1D34AAB30035F897 /* PitchPerfectUITests */ = {
			isa = PBXNativeTarget;
			buildConfigurationList = 85B8799D1D34AAB30035F897 /* Build configuration list for PBXNativeTarget "PitchPerfectUITests" */;
			buildPhases = (
				85B8798A1D34AAB30035F897 /* Sources */,
				85B8798B1D34AAB30035F897 /* Frameworks */,
				85B8798C1D34AAB30035F897 /* Resources */,
			);
			buildRules = (
			);
			dependencies = (
				85B879901D34AAB30035F897 /* PBXTargetDependency */,
			);
			name = PitchPerfectUITests;
			productName = PitchPerfectUITests;
			productReference = 85B8798E1D34AAB30035F897 /* PitchPerfectUITests.xctest */;
			productType = "com.apple.product-type.bundle.ui-testing";
		};
/* End PBXNativeTarget section */

/* Begin PBXProject section */
		85B879671D34AAB20035F897 /* Project object */ = {
			isa = PBXProject;
			attributes = {
				LastSwiftUpdateCheck = 0730;
				LastUpgradeCheck = 0730;
				ORGANIZATIONNAME = skyhills;
				TargetAttributes = {
					85B8796E1D34AAB20035F897 = {
						CreatedOnToolsVersion = 7.3.1;
					};
					85B879821D34AAB30035F897 = {
						CreatedOnToolsVersion = 7.3.1;
						TestTargetID = 85B8796E1D34AAB20035F897;
					};
					85B8798D1D34AAB30035F897 = {
						CreatedOnToolsVersion = 7.3.1;
						TestTargetID = 85B8796E1D34AAB20035F897;
					};
				};
			};
			buildConfigurationList = 85B8796A1D34AAB20035F897 /* Build configuration list for PBXProject "PitchPerfect" */;
			compatibilityVersion = "Xcode 3.2";
			developmentRegion = English;
			hasScannedForEncodings = 0;
			knownRegions = (
				en,
				Base,
			);
			mainGroup = 85B879661D34AAB20035F897;
			productRefGroup = 85B879701D34AAB20035F897 /* Products */;
			projectDirPath = "";
			projectRoot = "";
			targets = (
				85B8796E1D34AAB20035F897 /* PitchPerfect */,
				85B879821D34AAB30035F897 /* PitchPerfectTests */,
				85B8798D1D34AAB30035F897 /* PitchPerfectUITests */,
			);
		};
/* End PBXProject section */

/* Begin PBXResourcesBuildPhase section */
		85B8796D1D34AAB20035F897 /* Resources */ = {
			isa = PBXResourcesBuildPhase;
			buildActionMask = 2147483647;
			files = (
				85B8797D1D34AAB20035F897 /* LaunchScreen.storyboard in Resources */,
				85B8797A1D34AAB20035F897 /* Assets.xcassets in Resources */,
				85B879781D34AAB20035F897 /* Main.storyboard in Resources */,
			);
			runOnlyForDeploymentPostprocessing = 0;
		};
		85B879811D34AAB30035F897 /* Resources */ = {
			isa = PBXResourcesBuildPhase;
			buildActionMask = 2147483647;
			files = (
			);
			runOnlyForDeploymentPostprocessing = 0;
		};
		85B8798C1D34AAB30035F897 /* Resources */ = {
			isa = PBXResourcesBuildPhase;
			buildActionMask = 2147483647;
			files = (
			);
			runOnlyForDeploymentPostprocessing = 0;
		};
/* End PBXResourcesBuildPhase section */

/* Begin PBXSourcesBuildPhase section */
		85B8796B1D34AAB20035F897 /* Sources */ = {
			isa = PBXSourcesBuildPhase;
			buildActionMask = 2147483647;
			files = (
				85CD7C141D39195B00F01F8D /* Utils.swift in Sources */,
				858BCD471D34E8A3003419A6 /* RecordSoundsViewController.swift in Sources */,
				858BCD491D3503A5003419A6 /* PlaySoundsViewController+Audio.swift in Sources */,
				85B879751D34AAB20035F897 /* PlaySoundsViewController.swift in Sources */,
				85B879731D34AAB20035F897 /* AppDelegate.swift in Sources */,
			);
			runOnlyForDeploymentPostprocessing = 0;
		};
		85B8797F1D34AAB30035F897 /* Sources */ = {
			isa = PBXSourcesBuildPhase;
			buildActionMask = 2147483647;
			files = (
				85B879881D34AAB30035F897 /* PitchPerfectTests.swift in Sources */,
			);
			runOnlyForDeploymentPostprocessing = 0;
		};
		85B8798A1D34AAB30035F897 /* Sources */ = {
			isa = PBXSourcesBuildPhase;
			buildActionMask = 2147483647;
			files = (
				85B879931D34AAB30035F897 /* PitchPerfectUITests.swift in Sources */,
			);
			runOnlyForDeploymentPostprocessing = 0;
		};
/* End PBXSourcesBuildPhase section */

/* Begin PBXTargetDependency section */
		85B879851D34AAB30035F897 /* PBXTargetDependency */ = {
			isa = PBXTargetDependency;
			target = 85B8796E1D34AAB20035F897 /* PitchPerfect */;
			targetProxy = 85B879841D34AAB30035F897 /* PBXContainerItemProxy */;
		};
		85B879901D34AAB30035F897 /* PBXTargetDependency */ = {
			isa = PBXTargetDependency;
			target = 85B8796E1D34AAB20035F897 /* PitchPerfect */;
			targetProxy = 85B8798F1D34AAB30035F897 /* PBXContainerItemProxy */;
		};
/* End PBXTargetDependency section */

/* Begin PBXVariantGroup section */
		85B879761D34AAB20035F897 /* Main.storyboard */ = {
			isa = PBXVariantGroup;
			children = (
				85B879771D34AAB20035F897 /* Base */,
			);
			name = Main.storyboard;
			sourceTree = "<group>";
		};
		85B8797B1D34AAB20035F897 /* LaunchScreen.storyboard */ = {
			isa = PBXVariantGroup;
			children = (
				85B8797C1D34AAB20035F897 /* Base */,
			);
			name = LaunchScreen.storyboard;
			sourceTree = "<group>";
		};
/* End PBXVariantGroup section */

/* Begin XCBuildConfiguration section */
		85B879951D34AAB30035F897 /* Debug */ = {
			isa = XCBuildConfiguration;
			buildSettings = {
				ALWAYS_SEARCH_USER_PATHS = NO;
				CLANG_ANALYZER_NONNULL = YES;
				CLANG_CXX_LANGUAGE_STANDARD = "gnu++0x";
				CLANG_CXX_LIBRARY = "libc++";
				CLANG_ENABLE_MODULES = YES;
				CLANG_ENABLE_OBJC_ARC = YES;
				CLANG_WARN_BOOL_CONVERSION = YES;
				CLANG_WARN_CONSTANT_CONVERSION = YES;
				CLANG_WARN_DIRECT_OBJC_ISA_USAGE = YES_ERROR;
				CLANG_WARN_EMPTY_BODY = YES;
				CLANG_WARN_ENUM_CONVERSION = YES;
				CLANG_WARN_INT_CONVERSION = YES;
				CLANG_WARN_OBJC_ROOT_CLASS = YES_ERROR;
				CLANG_WARN_UNREACHABLE_CODE = YES;
				CLANG_WARN__DUPLICATE_METHOD_MATCH = YES;
				"CODE_SIGN_IDENTITY[sdk=iphoneos*]" = "iPhone Developer";
				COPY_PHASE_STRIP = NO;
				DEBUG_INFORMATION_FORMAT = dwarf;
				ENABLE_STRICT_OBJC_MSGSEND = YES;
				ENABLE_TESTABILITY = YES;
				GCC_C_LANGUAGE_STANDARD = gnu99;
				GCC_DYNAMIC_NO_PIC = NO;
				GCC_NO_COMMON_BLOCKS = YES;
				GCC_OPTIMIZATION_LEVEL = 0;
				GCC_PREPROCESSOR_DEFINITIONS = (
					"DEBUG=1",
					"$(inherited)",
				);
				GCC_WARN_64_TO_32_BIT_CONVERSION = YES;
				GCC_WARN_ABOUT_RETURN_TYPE = YES_ERROR;
				GCC_WARN_UNDECLARED_SELECTOR = YES;
				GCC_WARN_UNINITIALIZED_AUTOS = YES_AGGRESSIVE;
				GCC_WARN_UNUSED_FUNCTION = YES;
				GCC_WARN_UNUSED_VARIABLE = YES;
				IPHONEOS_DEPLOYMENT_TARGET = 9.3;
				MTL_ENABLE_DEBUG_INFO = YES;
				ONLY_ACTIVE_ARCH = YES;
				SDKROOT = iphoneos;
				SWIFT_OPTIMIZATION_LEVEL = "-Onone";
				TARGETED_DEVICE_FAMILY = "1,2";
			};
			name = Debug;
		};
		85B879961D34AAB30035F897 /* Release */ = {
			isa = XCBuildConfiguration;
			buildSettings = {
				ALWAYS_SEARCH_USER_PATHS = NO;
				CLANG_ANALYZER_NONNULL = YES;
				CLANG_CXX_LANGUAGE_STANDARD = "gnu++0x";
				CLANG_CXX_LIBRARY = "libc++";
				CLANG_ENABLE_MODULES = YES;
				CLANG_ENABLE_OBJC_ARC = YES;
				CLANG_WARN_BOOL_CONVERSION = YES;
				CLANG_WARN_CONSTANT_CONVERSION = YES;
				CLANG_WARN_DIRECT_OBJC_ISA_USAGE = YES_ERROR;
				CLANG_WARN_EMPTY_BODY = YES;
				CLANG_WARN_ENUM_CONVERSION = YES;
				CLANG_WARN_INT_CONVERSION = YES;
				CLANG_WARN_OBJC_ROOT_CLASS = YES_ERROR;
				CLANG_WARN_UNREACHABLE_CODE = YES;
				CLANG_WARN__DUPLICATE_METHOD_MATCH = YES;
				"CODE_SIGN_IDENTITY[sdk=iphoneos*]" = "iPhone Developer";
				COPY_PHASE_STRIP = NO;
				DEBUG_INFORMATION_FORMAT = "dwarf-with-dsym";
				ENABLE_NS_ASSERTIONS = NO;
				ENABLE_STRICT_OBJC_MSGSEND = YES;
				GCC_C_LANGUAGE_STANDARD = gnu99;
				GCC_NO_COMMON_BLOCKS = YES;
				GCC_WARN_64_TO_32_BIT_CONVERSION = YES;
				GCC_WARN_ABOUT_RETURN_TYPE = YES_ERROR;
				GCC_WARN_UNDECLARED_SELECTOR = YES;
				GCC_WARN_UNINITIALIZED_AUTOS = YES_AGGRESSIVE;
				GCC_WARN_UNUSED_FUNCTION = YES;
				GCC_WARN_UNUSED_VARIABLE = YES;
				IPHONEOS_DEPLOYMENT_TARGET = 9.3;
				MTL_ENABLE_DEBUG_INFO = NO;
				SDKROOT = iphoneos;
				TARGETED_DEVICE_FAMILY = "1,2";
				VALIDATE_PRODUCT = YES;
			};
			name = Release;
		};
		85B879981D34AAB30035F897 /* Debug */ = {
			isa = XCBuildConfiguration;
			buildSettings = {
				ASSETCATALOG_COMPILER_APPICON_NAME = AppIcon;
				INFOPLIST_FILE = PitchPerfect/Info.plist;
				LD_RUNPATH_SEARCH_PATHS = "$(inherited) @executable_path/Frameworks";
				PRODUCT_BUNDLE_IDENTIFIER = io.skyhills.PitchPerfect;
				PRODUCT_NAME = "$(TARGET_NAME)";
			};
			name = Debug;
		};
		85B879991D34AAB30035F897 /* Release */ = {
			isa = XCBuildConfiguration;
			buildSettings = {
				ASSETCATALOG_COMPILER_APPICON_NAME = AppIcon;
				INFOPLIST_FILE = PitchPerfect/Info.plist;
				LD_RUNPATH_SEARCH_PATHS = "$(inherited) @executable_path/Frameworks";
				PRODUCT_BUNDLE_IDENTIFIER = io.skyhills.PitchPerfect;
				PRODUCT_NAME = "$(TARGET_NAME)";
			};
			name = Release;
		};
		85B8799B1D34AAB30035F897 /* Debug */ = {
			isa = XCBuildConfiguration;
			buildSettings = {
				BUNDLE_LOADER = "$(TEST_HOST)";
				INFOPLIST_FILE = PitchPerfectTests/Info.plist;
				LD_RUNPATH_SEARCH_PATHS = "$(inherited) @executable_path/Frameworks @loader_path/Frameworks";
				PRODUCT_BUNDLE_IDENTIFIER = io.skyhills.PitchPerfectTests;
				PRODUCT_NAME = "$(TARGET_NAME)";
				TEST_HOST = "$(BUILT_PRODUCTS_DIR)/PitchPerfect.app/PitchPerfect";
			};
			name = Debug;
		};
		85B8799C1D34AAB30035F897 /* Release */ = {
			isa = XCBuildConfiguration;
			buildSettings = {
				BUNDLE_LOADER = "$(TEST_HOST)";
				INFOPLIST_FILE = PitchPerfectTests/Info.plist;
				LD_RUNPATH_SEARCH_PATHS = "$(inherited) @executable_path/Frameworks @loader_path/Frameworks";
				PRODUCT_BUNDLE_IDENTIFIER = io.skyhills.PitchPerfectTests;
				PRODUCT_NAME = "$(TARGET_NAME)";
				TEST_HOST = "$(BUILT_PRODUCTS_DIR)/PitchPerfect.app/PitchPerfect";
			};
			name = Release;
		};
		85B8799E1D34AAB30035F897 /* Debug */ = {
			isa = XCBuildConfiguration;
			buildSettings = {
				INFOPLIST_FILE = PitchPerfectUITests/Info.plist;
				LD_RUNPATH_SEARCH_PATHS = "$(inherited) @executable_path/Frameworks @loader_path/Frameworks";
				PRODUCT_BUNDLE_IDENTIFIER = io.skyhills.PitchPerfectUITests;
				PRODUCT_NAME = "$(TARGET_NAME)";
				TEST_TARGET_NAME = PitchPerfect;
			};
			name = Debug;
		};
		85B8799F1D34AAB30035F897 /* Release */ = {
			isa = XCBuildConfiguration;
			buildSettings = {
				INFOPLIST_FILE = PitchPerfectUITests/Info.plist;
				LD_RUNPATH_SEARCH_PATHS = "$(inherited) @executable_path/Frameworks @loader_path/Frameworks";
				PRODUCT_BUNDLE_IDENTIFIER = io.skyhills.PitchPerfectUITests;
				PRODUCT_NAME = "$(TARGET_NAME)";
				TEST_TARGET_NAME = PitchPerfect;
			};
			name = Release;
		};
/* End XCBuildConfiguration section */

/* Begin XCConfigurationList section */
		85B8796A1D34AAB20035F897 /* Build configuration list for PBXProject "PitchPerfect" */ = {
			isa = XCConfigurationList;
			buildConfigurations = (
				85B879951D34AAB30035F897 /* Debug */,
				85B879961D34AAB30035F897 /* Release */,
			);
			defaultConfigurationIsVisible = 0;
			defaultConfigurationName = Release;
		};
		85B879971D34AAB30035F897 /* Build configuration list for PBXNativeTarget "PitchPerfect" */ = {
			isa = XCConfigurationList;
			buildConfigurations = (
				85B879981D34AAB30035F897 /* Debug */,
				85B879991D34AAB30035F897 /* Release */,
			);
			defaultConfigurationIsVisible = 0;
			defaultConfigurationName = Release;
		};
		85B8799A1D34AAB30035F897 /* Build configuration list for PBXNativeTarget "PitchPerfectTests" */ = {
			isa = XCConfigurationList;
			buildConfigurations = (
				85B8799B1D34AAB30035F897 /* Debug */,
				85B8799C1D34AAB30035F897 /* Release */,
			);
			defaultConfigurationIsVisible = 0;
			defaultConfigurationName = Release;
		};
		85B8799D1D34AAB30035F897 /* Build configuration list for PBXNativeTarget "PitchPerfectUITests" */ = {
			isa = XCConfigurationList;
			buildConfigurations = (
				85B8799E1D34AAB30035F897 /* Debug */,
				85B8799F1D34AAB30035F897 /* Release */,
			);
			defaultConfigurationIsVisible = 0;
			defaultConfigurationName = Release;
		};
/* End XCConfigurationList section */
	};
	rootObject = 85B879671D34AAB20035F897 /* Project object */;
}
